// !$*UTF8*$!
{
	archiveVersion = 1;
	classes = {
	};
	objectVersion = 56;
	objects = {

/* Begin PBXBuildFile section */
		15443EA82A76BC0D00C45A24 /* 61v6wBolhHL._AC_SL1409_ (1).jpg in Resources */ = {isa = PBXBuildFile; fileRef = 15443EA62A76BC0D00C45A24 /* 61v6wBolhHL._AC_SL1409_ (1).jpg */; };
		15443EA92A76BC0D00C45A24 /* 71FfwsX3pDL._AC_SL1500_.jpg in Resources */ = {isa = PBXBuildFile; fileRef = 15443EA72A76BC0D00C45A24 /* 71FfwsX3pDL._AC_SL1500_.jpg */; };
		155BC7912A64881B00EA9D1E /* watchtest Watch App.app in Embed Watch Content */ = {isa = PBXBuildFile; fileRef = 155BC7902A64881B00EA9D1E /* watchtest Watch App.app */; settings = {ATTRIBUTES = (RemoveHeadersOnCopy, ); }; };
		155BC7962A64881B00EA9D1E /* watchtestApp.swift in Sources */ = {isa = PBXBuildFile; fileRef = 155BC7952A64881B00EA9D1E /* watchtestApp.swift */; };
		155BC7982A64881B00EA9D1E /* ContentView.swift in Sources */ = {isa = PBXBuildFile; fileRef = 155BC7972A64881B00EA9D1E /* ContentView.swift */; };
		155BC79A2A64881D00EA9D1E /* Assets.xcassets in Resources */ = {isa = PBXBuildFile; fileRef = 155BC7992A64881D00EA9D1E /* Assets.xcassets */; };
		155BC79D2A64881D00EA9D1E /* Preview Assets.xcassets in Resources */ = {isa = PBXBuildFile; fileRef = 155BC79C2A64881D00EA9D1E /* Preview Assets.xcassets */; };
		155BC7A72A64881D00EA9D1E /* watchtest_Watch_AppTests.swift in Sources */ = {isa = PBXBuildFile; fileRef = 155BC7A62A64881D00EA9D1E /* watchtest_Watch_AppTests.swift */; };
		155BC7B12A64881D00EA9D1E /* watchtest_Watch_AppUITests.swift in Sources */ = {isa = PBXBuildFile; fileRef = 155BC7B02A64881D00EA9D1E /* watchtest_Watch_AppUITests.swift */; };
		155BC7B32A64881D00EA9D1E /* watchtest_Watch_AppUITestsLaunchTests.swift in Sources */ = {isa = PBXBuildFile; fileRef = 155BC7B22A64881D00EA9D1E /* watchtest_Watch_AppUITestsLaunchTests.swift */; };
		15A23DD32A6F08150044AB7B /* 0_1.png in Resources */ = {isa = PBXBuildFile; fileRef = 15A23DD22A6F08150044AB7B /* 0_1.png */; };
		15A23DD42A6F08150044AB7B /* 0_1.png in Resources */ = {isa = PBXBuildFile; fileRef = 15A23DD22A6F08150044AB7B /* 0_1.png */; };
		15EFD17C2A64947A00EDCE61 /* playerStorage.swift in Sources */ = {isa = PBXBuildFile; fileRef = 15EFD17B2A64947A00EDCE61 /* playerStorage.swift */; };
		15EFD1802A64959600EDCE61 /* fulll.mp3 in Resources */ = {isa = PBXBuildFile; fileRef = 15EFD17F2A64959600EDCE61 /* fulll.mp3 */; };
/* End PBXBuildFile section */

/* Begin PBXContainerItemProxy section */
		155BC7922A64881B00EA9D1E /* PBXContainerItemProxy */ = {
			isa = PBXContainerItemProxy;
			containerPortal = 155BC7842A64881B00EA9D1E /* Project object */;
			proxyType = 1;
			remoteGlobalIDString = 155BC78F2A64881B00EA9D1E;
			remoteInfo = "watchtest Watch App";
		};
		155BC7A32A64881D00EA9D1E /* PBXContainerItemProxy */ = {
			isa = PBXContainerItemProxy;
			containerPortal = 155BC7842A64881B00EA9D1E /* Project object */;
			proxyType = 1;
			remoteGlobalIDString = 155BC78F2A64881B00EA9D1E;
			remoteInfo = "watchtest Watch App";
		};
		155BC7AD2A64881D00EA9D1E /* PBXContainerItemProxy */ = {
			isa = PBXContainerItemProxy;
			containerPortal = 155BC7842A64881B00EA9D1E /* Project object */;
			proxyType = 1;
			remoteGlobalIDString = 155BC78F2A64881B00EA9D1E;
			remoteInfo = "watchtest Watch App";
		};
/* End PBXContainerItemProxy section */

/* Begin PBXCopyFilesBuildPhase section */
		155BC7B92A64881D00EA9D1E /* Embed Watch Content */ = {
			isa = PBXCopyFilesBuildPhase;
			buildActionMask = 2147483647;
			dstPath = "$(CONTENTS_FOLDER_PATH)/Watch";
			dstSubfolderSpec = 16;
			files = (
				155BC7912A64881B00EA9D1E /* watchtest Watch App.app in Embed Watch Content */,
			);
			name = "Embed Watch Content";
			runOnlyForDeploymentPostprocessing = 0;
		};
/* End PBXCopyFilesBuildPhase section */

/* Begin PBXFileReference section */
		15443EA62A76BC0D00C45A24 /* 61v6wBolhHL._AC_SL1409_ (1).jpg */ = {isa = PBXFileReference; lastKnownFileType = image.jpeg; path = "61v6wBolhHL._AC_SL1409_ (1).jpg"; sourceTree = "<group>"; };
		15443EA72A76BC0D00C45A24 /* 71FfwsX3pDL._AC_SL1500_.jpg */ = {isa = PBXFileReference; lastKnownFileType = image.jpeg; path = 71FfwsX3pDL._AC_SL1500_.jpg; sourceTree = "<group>"; };
		155BC78A2A64881B00EA9D1E /* watchtest.app */ = {isa = PBXFileReference; explicitFileType = wrapper.application; includeInIndex = 0; path = watchtest.app; sourceTree = BUILT_PRODUCTS_DIR; };
		155BC7902A64881B00EA9D1E /* watchtest Watch App.app */ = {isa = PBXFileReference; explicitFileType = wrapper.application; includeInIndex = 0; path = "watchtest Watch App.app"; sourceTree = BUILT_PRODUCTS_DIR; };
		155BC7952A64881B00EA9D1E /* watchtestApp.swift */ = {isa = PBXFileReference; lastKnownFileType = sourcecode.swift; path = watchtestApp.swift; sourceTree = "<group>"; };
		155BC7972A64881B00EA9D1E /* ContentView.swift */ = {isa = PBXFileReference; lastKnownFileType = sourcecode.swift; path = ContentView.swift; sourceTree = "<group>"; };
		155BC7992A64881D00EA9D1E /* Assets.xcassets */ = {isa = PBXFileReference; lastKnownFileType = folder.assetcatalog; path = Assets.xcassets; sourceTree = "<group>"; };
		155BC79C2A64881D00EA9D1E /* Preview Assets.xcassets */ = {isa = PBXFileReference; lastKnownFileType = folder.assetcatalog; path = "Preview Assets.xcassets"; sourceTree = "<group>"; };
		155BC7A22A64881D00EA9D1E /* watchtest Watch AppTests.xctest */ = {isa = PBXFileReference; explicitFileType = wrapper.cfbundle; includeInIndex = 0; path = "watchtest Watch AppTests.xctest"; sourceTree = BUILT_PRODUCTS_DIR; };
		155BC7A62A64881D00EA9D1E /* watchtest_Watch_AppTests.swift */ = {isa = PBXFileReference; lastKnownFileType = sourcecode.swift; path = watchtest_Watch_AppTests.swift; sourceTree = "<group>"; };
		155BC7AC2A64881D00EA9D1E /* watchtest Watch AppUITests.xctest */ = {isa = PBXFileReference; explicitFileType = wrapper.cfbundle; includeInIndex = 0; path = "watchtest Watch AppUITests.xctest"; sourceTree = BUILT_PRODUCTS_DIR; };
		155BC7B02A64881D00EA9D1E /* watchtest_Watch_AppUITests.swift */ = {isa = PBXFileReference; lastKnownFileType = sourcecode.swift; path = watchtest_Watch_AppUITests.swift; sourceTree = "<group>"; };
		155BC7B22A64881D00EA9D1E /* watchtest_Watch_AppUITestsLaunchTests.swift */ = {isa = PBXFileReference; lastKnownFileType = sourcecode.swift; path = watchtest_Watch_AppUITestsLaunchTests.swift; sourceTree = "<group>"; };
		15A23DD22A6F08150044AB7B /* 0_1.png */ = {isa = PBXFileReference; lastKnownFileType = image.png; path = 0_1.png; sourceTree = "<group>"; };
		15EFD17B2A64947A00EDCE61 /* playerStorage.swift */ = {isa = PBXFileReference; lastKnownFileType = sourcecode.swift; path = playerStorage.swift; sourceTree = "<group>"; };
		15EFD17F2A64959600EDCE61 /* fulll.mp3 */ = {isa = PBXFileReference; lastKnownFileType = audio.mp3; path = fulll.mp3; sourceTree = "<group>"; };
/* End PBXFileReference section */

/* Begin PBXFrameworksBuildPhase section */
		155BC78D2A64881B00EA9D1E /* Frameworks */ = {
			isa = PBXFrameworksBuildPhase;
			buildActionMask = 2147483647;
			files = (
			);
			runOnlyForDeploymentPostprocessing = 0;
		};
		155BC79F2A64881D00EA9D1E /* Frameworks */ = {
			isa = PBXFrameworksBuildPhase;
			buildActionMask = 2147483647;
			files = (
			);
			runOnlyForDeploymentPostprocessing = 0;
		};
		155BC7A92A64881D00EA9D1E /* Frameworks */ = {
			isa = PBXFrameworksBuildPhase;
			buildActionMask = 2147483647;
			files = (
			);
			runOnlyForDeploymentPostprocessing = 0;
		};
/* End PBXFrameworksBuildPhase section */

/* Begin PBXGroup section */
		155BC7832A64881B00EA9D1E = {
			isa = PBXGroup;
			children = (
				155BC7942A64881B00EA9D1E /* watchtest Watch App */,
				155BC7A52A64881D00EA9D1E /* watchtest Watch AppTests */,
				155BC7AF2A64881D00EA9D1E /* watchtest Watch AppUITests */,
				15EFD17F2A64959600EDCE61 /* fulll.mp3 */,
				15A23DD22A6F08150044AB7B /* 0_1.png */,
				155BC78B2A64881B00EA9D1E /* Products */,
			);
			sourceTree = "<group>";
		};
		155BC78B2A64881B00EA9D1E /* Products */ = {
			isa = PBXGroup;
			children = (
				155BC78A2A64881B00EA9D1E /* watchtest.app */,
				155BC7902A64881B00EA9D1E /* watchtest Watch App.app */,
				155BC7A22A64881D00EA9D1E /* watchtest Watch AppTests.xctest */,
				155BC7AC2A64881D00EA9D1E /* watchtest Watch AppUITests.xctest */,
			);
			name = Products;
			sourceTree = "<group>";
		};
		155BC7942A64881B00EA9D1E /* watchtest Watch App */ = {
			isa = PBXGroup;
			children = (
				155BC7952A64881B00EA9D1E /* watchtestApp.swift */,
				155BC7972A64881B00EA9D1E /* ContentView.swift */,
				15EFD17B2A64947A00EDCE61 /* playerStorage.swift */,
				155BC7992A64881D00EA9D1E /* Assets.xcassets */,
				15443EA62A76BC0D00C45A24 /* 61v6wBolhHL._AC_SL1409_ (1).jpg */,
				15443EA72A76BC0D00C45A24 /* 71FfwsX3pDL._AC_SL1500_.jpg */,
				155BC79B2A64881D00EA9D1E /* Preview Content */,
			);
			path = "watchtest Watch App";
			sourceTree = "<group>";
		};
		155BC79B2A64881D00EA9D1E /* Preview Content */ = {
			isa = PBXGroup;
			children = (
				155BC79C2A64881D00EA9D1E /* Preview Assets.xcassets */,
			);
			path = "Preview Content";
			sourceTree = "<group>";
		};
		155BC7A52A64881D00EA9D1E /* watchtest Watch AppTests */ = {
			isa = PBXGroup;
			children = (
				155BC7A62A64881D00EA9D1E /* watchtest_Watch_AppTests.swift */,
			);
			path = "watchtest Watch AppTests";
			sourceTree = "<group>";
		};
		155BC7AF2A64881D00EA9D1E /* watchtest Watch AppUITests */ = {
			isa = PBXGroup;
			children = (
				155BC7B02A64881D00EA9D1E /* watchtest_Watch_AppUITests.swift */,
				155BC7B22A64881D00EA9D1E /* watchtest_Watch_AppUITestsLaunchTests.swift */,
			);
			path = "watchtest Watch AppUITests";
			sourceTree = "<group>";
		};
/* End PBXGroup section */

/* Begin PBXNativeTarget section */
		155BC7892A64881B00EA9D1E /* watchtest */ = {
			isa = PBXNativeTarget;
			buildConfigurationList = 155BC7BA2A64881D00EA9D1E /* Build configuration list for PBXNativeTarget "watchtest" */;
			buildPhases = (
				155BC7882A64881B00EA9D1E /* Resources */,
				155BC7B92A64881D00EA9D1E /* Embed Watch Content */,
			);
			buildRules = (
			);
			dependencies = (
				155BC7932A64881B00EA9D1E /* PBXTargetDependency */,
			);
			name = watchtest;
			productName = watchtest;
			productReference = 155BC78A2A64881B00EA9D1E /* watchtest.app */;
			productType = "com.apple.product-type.application.watchapp2-container";
		};
		155BC78F2A64881B00EA9D1E /* watchtest Watch App */ = {
			isa = PBXNativeTarget;
			buildConfigurationList = 155BC7B62A64881D00EA9D1E /* Build configuration list for PBXNativeTarget "watchtest Watch App" */;
			buildPhases = (
				155BC78C2A64881B00EA9D1E /* Sources */,
				155BC78D2A64881B00EA9D1E /* Frameworks */,
				155BC78E2A64881B00EA9D1E /* Resources */,
			);
			buildRules = (
			);
			dependencies = (
			);
			name = "watchtest Watch App";
			productName = "watchtest Watch App";
			productReference = 155BC7902A64881B00EA9D1E /* watchtest Watch App.app */;
			productType = "com.apple.product-type.application";
		};
		155BC7A12A64881D00EA9D1E /* watchtest Watch AppTests */ = {
			isa = PBXNativeTarget;
			buildConfigurationList = 155BC7BD2A64881D00EA9D1E /* Build configuration list for PBXNativeTarget "watchtest Watch AppTests" */;
			buildPhases = (
				155BC79E2A64881D00EA9D1E /* Sources */,
				155BC79F2A64881D00EA9D1E /* Frameworks */,
				155BC7A02A64881D00EA9D1E /* Resources */,
			);
			buildRules = (
			);
			dependencies = (
				155BC7A42A64881D00EA9D1E /* PBXTargetDependency */,
			);
			name = "watchtest Watch AppTests";
			productName = "watchtest Watch AppTests";
			productReference = 155BC7A22A64881D00EA9D1E /* watchtest Watch AppTests.xctest */;
			productType = "com.apple.product-type.bundle.unit-test";
		};
		155BC7AB2A64881D00EA9D1E /* watchtest Watch AppUITests */ = {
			isa = PBXNativeTarget;
			buildConfigurationList = 155BC7C02A64881D00EA9D1E /* Build configuration list for PBXNativeTarget "watchtest Watch AppUITests" */;
			buildPhases = (
				155BC7A82A64881D00EA9D1E /* Sources */,
				155BC7A92A64881D00EA9D1E /* Frameworks */,
				155BC7AA2A64881D00EA9D1E /* Resources */,
			);
			buildRules = (
			);
			dependencies = (
				155BC7AE2A64881D00EA9D1E /* PBXTargetDependency */,
			);
			name = "watchtest Watch AppUITests";
			productName = "watchtest Watch AppUITests";
			productReference = 155BC7AC2A64881D00EA9D1E /* watchtest Watch AppUITests.xctest */;
			productType = "com.apple.product-type.bundle.ui-testing";
		};
/* End PBXNativeTarget section */

/* Begin PBXProject section */
		155BC7842A64881B00EA9D1E /* Project object */ = {
			isa = PBXProject;
			attributes = {
				BuildIndependentTargetsInParallel = 1;
				LastSwiftUpdateCheck = 1430;
				LastUpgradeCheck = 1430;
				TargetAttributes = {
					155BC7892A64881B00EA9D1E = {
						CreatedOnToolsVersion = 14.3.1;
					};
					155BC78F2A64881B00EA9D1E = {
						CreatedOnToolsVersion = 14.3.1;
					};
					155BC7A12A64881D00EA9D1E = {
						CreatedOnToolsVersion = 14.3.1;
						TestTargetID = 155BC78F2A64881B00EA9D1E;
					};
					155BC7AB2A64881D00EA9D1E = {
						CreatedOnToolsVersion = 14.3.1;
						TestTargetID = 155BC78F2A64881B00EA9D1E;
					};
				};
			};
			buildConfigurationList = 155BC7872A64881B00EA9D1E /* Build configuration list for PBXProject "watchtest" */;
			compatibilityVersion = "Xcode 14.0";
			developmentRegion = en;
			hasScannedForEncodings = 0;
			knownRegions = (
				en,
				Base,
			);
			mainGroup = 155BC7832A64881B00EA9D1E;
			productRefGroup = 155BC78B2A64881B00EA9D1E /* Products */;
			projectDirPath = "";
			projectRoot = "";
			targets = (
				155BC7892A64881B00EA9D1E /* watchtest */,
				155BC78F2A64881B00EA9D1E /* watchtest Watch App */,
				155BC7A12A64881D00EA9D1E /* watchtest Watch AppTests */,
				155BC7AB2A64881D00EA9D1E /* watchtest Watch AppUITests */,
			);
		};
/* End PBXProject section */

/* Begin PBXResourcesBuildPhase section */
		155BC7882A64881B00EA9D1E /* Resources */ = {
			isa = PBXResourcesBuildPhase;
			buildActionMask = 2147483647;
			files = (
				15A23DD32A6F08150044AB7B /* 0_1.png in Resources */,
				15443EA82A76BC0D00C45A24 /* 61v6wBolhHL._AC_SL1409_ (1).jpg in Resources */,
				15443EA92A76BC0D00C45A24 /* 71FfwsX3pDL._AC_SL1500_.jpg in Resources */,
			);
			runOnlyForDeploymentPostprocessing = 0;
		};
		155BC78E2A64881B00EA9D1E /* Resources */ = {
			isa = PBXResourcesBuildPhase;
			buildActionMask = 2147483647;
			files = (
				155BC79D2A64881D00EA9D1E /* Preview Assets.xcassets in Resources */,
				155BC79A2A64881D00EA9D1E /* Assets.xcassets in Resources */,
				15A23DD42A6F08150044AB7B /* 0_1.png in Resources */,
				15EFD1802A64959600EDCE61 /* fulll.mp3 in Resources */,
			);
			runOnlyForDeploymentPostprocessing = 0;
		};
		155BC7A02A64881D00EA9D1E /* Resources */ = {
			isa = PBXResourcesBuildPhase;
			buildActionMask = 2147483647;
			files = (
			);
			runOnlyForDeploymentPostprocessing = 0;
		};
		155BC7AA2A64881D00EA9D1E /* Resources */ = {
			isa = PBXResourcesBuildPhase;
			buildActionMask = 2147483647;
			files = (
			);
			runOnlyForDeploymentPostprocessing = 0;
		};
/* End PBXResourcesBuildPhase section */

/* Begin PBXSourcesBuildPhase section */
		155BC78C2A64881B00EA9D1E /* Sources */ = {
			isa = PBXSourcesBuildPhase;
			buildActionMask = 2147483647;
			files = (
				155BC7982A64881B00EA9D1E /* ContentView.swift in Sources */,
				155BC7962A64881B00EA9D1E /* watchtestApp.swift in Sources */,
				15EFD17C2A64947A00EDCE61 /* playerStorage.swift in Sources */,
			);
			runOnlyForDeploymentPostprocessing = 0;
		};
		155BC79E2A64881D00EA9D1E /* Sources */ = {
			isa = PBXSourcesBuildPhase;
			buildActionMask = 2147483647;
			files = (
				155BC7A72A64881D00EA9D1E /* watchtest_Watch_AppTests.swift in Sources */,
			);
			runOnlyForDeploymentPostprocessing = 0;
		};
		155BC7A82A64881D00EA9D1E /* Sources */ = {
			isa = PBXSourcesBuildPhase;
			buildActionMask = 2147483647;
			files = (
				155BC7B32A64881D00EA9D1E /* watchtest_Watch_AppUITestsLaunchTests.swift in Sources */,
				155BC7B12A64881D00EA9D1E /* watchtest_Watch_AppUITests.swift in Sources */,
			);
			runOnlyForDeploymentPostprocessing = 0;
		};
/* End PBXSourcesBuildPhase section */

/* Begin PBXTargetDependency section */
		155BC7932A64881B00EA9D1E /* PBXTargetDependency */ = {
			isa = PBXTargetDependency;
			target = 155BC78F2A64881B00EA9D1E /* watchtest Watch App */;
			targetProxy = 155BC7922A64881B00EA9D1E /* PBXContainerItemProxy */;
		};
		155BC7A42A64881D00EA9D1E /* PBXTargetDependency */ = {
			isa = PBXTargetDependency;
			target = 155BC78F2A64881B00EA9D1E /* watchtest Watch App */;
			targetProxy = 155BC7A32A64881D00EA9D1E /* PBXContainerItemProxy */;
		};
		155BC7AE2A64881D00EA9D1E /* PBXTargetDependency */ = {
			isa = PBXTargetDependency;
			target = 155BC78F2A64881B00EA9D1E /* watchtest Watch App */;
			targetProxy = 155BC7AD2A64881D00EA9D1E /* PBXContainerItemProxy */;
		};
/* End PBXTargetDependency section */

/* Begin XCBuildConfiguration section */
		155BC7B42A64881D00EA9D1E /* Debug */ = {
			isa = XCBuildConfiguration;
			buildSettings = {
				ALWAYS_SEARCH_USER_PATHS = NO;
				CLANG_ANALYZER_NONNULL = YES;
				CLANG_ANALYZER_NUMBER_OBJECT_CONVERSION = YES_AGGRESSIVE;
				CLANG_CXX_LANGUAGE_STANDARD = "gnu++20";
				CLANG_ENABLE_MODULES = YES;
				CLANG_ENABLE_OBJC_ARC = YES;
				CLANG_ENABLE_OBJC_WEAK = YES;
				CLANG_WARN_BLOCK_CAPTURE_AUTORELEASING = YES;
				CLANG_WARN_BOOL_CONVERSION = YES;
				CLANG_WARN_COMMA = YES;
				CLANG_WARN_CONSTANT_CONVERSION = YES;
				CLANG_WARN_DEPRECATED_OBJC_IMPLEMENTATIONS = YES;
				CLANG_WARN_DIRECT_OBJC_ISA_USAGE = YES_ERROR;
				CLANG_WARN_DOCUMENTATION_COMMENTS = YES;
				CLANG_WARN_EMPTY_BODY = YES;
				CLANG_WARN_ENUM_CONVERSION = YES;
				CLANG_WARN_INFINITE_RECURSION = YES;
				CLANG_WARN_INT_CONVERSION = YES;
				CLANG_WARN_NON_LITERAL_NULL_CONVERSION = YES;
				CLANG_WARN_OBJC_IMPLICIT_RETAIN_SELF = YES;
				CLANG_WARN_OBJC_LITERAL_CONVERSION = YES;
				CLANG_WARN_OBJC_ROOT_CLASS = YES_ERROR;
				CLANG_WARN_QUOTED_INCLUDE_IN_FRAMEWORK_HEADER = YES;
				CLANG_WARN_RANGE_LOOP_ANALYSIS = YES;
				CLANG_WARN_STRICT_PROTOTYPES = YES;
				CLANG_WARN_SUSPICIOUS_MOVE = YES;
				CLANG_WARN_UNGUARDED_AVAILABILITY = YES_AGGRESSIVE;
				CLANG_WARN_UNREACHABLE_CODE = YES;
				CLANG_WARN__DUPLICATE_METHOD_MATCH = YES;
				COPY_PHASE_STRIP = NO;
				DEBUG_INFORMATION_FORMAT = dwarf;
				ENABLE_STRICT_OBJC_MSGSEND = YES;
				ENABLE_TESTABILITY = YES;
				GCC_C_LANGUAGE_STANDARD = gnu11;
				GCC_DYNAMIC_NO_PIC = NO;
				GCC_NO_COMMON_BLOCKS = YES;
				GCC_OPTIMIZATION_LEVEL = 0;
				GCC_PREPROCESSOR_DEFINITIONS = (
					"DEBUG=1",
					"$(inherited)",
				);
				GCC_WARN_64_TO_32_BIT_CONVERSION = YES;
				GCC_WARN_ABOUT_RETURN_TYPE = YES_ERROR;
				GCC_WARN_UNDECLARED_SELECTOR = YES;
				GCC_WARN_UNINITIALIZED_AUTOS = YES_AGGRESSIVE;
				GCC_WARN_UNUSED_FUNCTION = YES;
				GCC_WARN_UNUSED_VARIABLE = YES;
				MTL_ENABLE_DEBUG_INFO = INCLUDE_SOURCE;
				MTL_FAST_MATH = YES;
				ONLY_ACTIVE_ARCH = YES;
				SWIFT_ACTIVE_COMPILATION_CONDITIONS = DEBUG;
				SWIFT_OPTIMIZATION_LEVEL = "-Onone";
			};
			name = Debug;
		};
		155BC7B52A64881D00EA9D1E /* Release */ = {
			isa = XCBuildConfiguration;
			buildSettings = {
				ALWAYS_SEARCH_USER_PATHS = NO;
				CLANG_ANALYZER_NONNULL = YES;
				CLANG_ANALYZER_NUMBER_OBJECT_CONVERSION = YES_AGGRESSIVE;
				CLANG_CXX_LANGUAGE_STANDARD = "gnu++20";
				CLANG_ENABLE_MODULES = YES;
				CLANG_ENABLE_OBJC_ARC = YES;
				CLANG_ENABLE_OBJC_WEAK = YES;
				CLANG_WARN_BLOCK_CAPTURE_AUTORELEASING = YES;
				CLANG_WARN_BOOL_CONVERSION = YES;
				CLANG_WARN_COMMA = YES;
				CLANG_WARN_CONSTANT_CONVERSION = YES;
				CLANG_WARN_DEPRECATED_OBJC_IMPLEMENTATIONS = YES;
				CLANG_WARN_DIRECT_OBJC_ISA_USAGE = YES_ERROR;
				CLANG_WARN_DOCUMENTATION_COMMENTS = YES;
				CLANG_WARN_EMPTY_BODY = YES;
				CLANG_WARN_ENUM_CONVERSION = YES;
				CLANG_WARN_INFINITE_RECURSION = YES;
				CLANG_WARN_INT_CONVERSION = YES;
				CLANG_WARN_NON_LITERAL_NULL_CONVERSION = YES;
				CLANG_WARN_OBJC_IMPLICIT_RETAIN_SELF = YES;
				CLANG_WARN_OBJC_LITERAL_CONVERSION = YES;
				CLANG_WARN_OBJC_ROOT_CLASS = YES_ERROR;
				CLANG_WARN_QUOTED_INCLUDE_IN_FRAMEWORK_HEADER = YES;
				CLANG_WARN_RANGE_LOOP_ANALYSIS = YES;
				CLANG_WARN_STRICT_PROTOTYPES = YES;
				CLANG_WARN_SUSPICIOUS_MOVE = YES;
				CLANG_WARN_UNGUARDED_AVAILABILITY = YES_AGGRESSIVE;
				CLANG_WARN_UNREACHABLE_CODE = YES;
				CLANG_WARN__DUPLICATE_METHOD_MATCH = YES;
				COPY_PHASE_STRIP = NO;
				DEBUG_INFORMATION_FORMAT = "dwarf-with-dsym";
				ENABLE_NS_ASSERTIONS = NO;
				ENABLE_STRICT_OBJC_MSGSEND = YES;
				GCC_C_LANGUAGE_STANDARD = gnu11;
				GCC_NO_COMMON_BLOCKS = YES;
				GCC_WARN_64_TO_32_BIT_CONVERSION = YES;
				GCC_WARN_ABOUT_RETURN_TYPE = YES_ERROR;
				GCC_WARN_UNDECLARED_SELECTOR = YES;
				GCC_WARN_UNINITIALIZED_AUTOS = YES_AGGRESSIVE;
				GCC_WARN_UNUSED_FUNCTION = YES;
				GCC_WARN_UNUSED_VARIABLE = YES;
				MTL_ENABLE_DEBUG_INFO = NO;
				MTL_FAST_MATH = YES;
				SWIFT_COMPILATION_MODE = wholemodule;
				SWIFT_OPTIMIZATION_LEVEL = "-O";
			};
			name = Release;
		};
		155BC7B72A64881D00EA9D1E /* Debug */ = {
			isa = XCBuildConfiguration;
			buildSettings = {
				ASSETCATALOG_COMPILER_APPICON_NAME = AppIcon;
				ASSETCATALOG_COMPILER_GLOBAL_ACCENT_COLOR_NAME = AccentColor;
				CODE_SIGN_STYLE = Automatic;
				CURRENT_PROJECT_VERSION = 1;
				DEVELOPMENT_ASSET_PATHS = "\"watchtest Watch App/Preview Content\"";
				DEVELOPMENT_TEAM = C77N4S9VR3;
				ENABLE_PREVIEWS = YES;
				GENERATE_INFOPLIST_FILE = YES;
				INFOPLIST_KEY_CFBundleDisplayName = watchtest;
				INFOPLIST_KEY_UISupportedInterfaceOrientations = "UIInterfaceOrientationPortrait UIInterfaceOrientationPortraitUpsideDown";
				INFOPLIST_KEY_WKWatchOnly = YES;
				LD_RUNPATH_SEARCH_PATHS = (
					"$(inherited)",
					"@executable_path/Frameworks",
				);
				MARKETING_VERSION = 1.0;
				PRODUCT_BUNDLE_IDENTIFIER = watcher;
				PRODUCT_NAME = "$(TARGET_NAME)";
				SDKROOT = watchos;
				SKIP_INSTALL = YES;
				SWIFT_EMIT_LOC_STRINGS = YES;
				SWIFT_VERSION = 5.0;
				TARGETED_DEVICE_FAMILY = 4;
				WATCHOS_DEPLOYMENT_TARGET = 9.4;
			};
			name = Debug;
		};
		155BC7B82A64881D00EA9D1E /* Release */ = {
			isa = XCBuildConfiguration;
			buildSettings = {
				ASSETCATALOG_COMPILER_APPICON_NAME = AppIcon;
				ASSETCATALOG_COMPILER_GLOBAL_ACCENT_COLOR_NAME = AccentColor;
				CODE_SIGN_STYLE = Automatic;
				CURRENT_PROJECT_VERSION = 1;
				DEVELOPMENT_ASSET_PATHS = "\"watchtest Watch App/Preview Content\"";
				DEVELOPMENT_TEAM = C77N4S9VR3;
				ENABLE_PREVIEWS = YES;
				GENERATE_INFOPLIST_FILE = YES;
				INFOPLIST_KEY_CFBundleDisplayName = watchtest;
				INFOPLIST_KEY_UISupportedInterfaceOrientations = "UIInterfaceOrientationPortrait UIInterfaceOrientationPortraitUpsideDown";
				INFOPLIST_KEY_WKWatchOnly = YES;
				LD_RUNPATH_SEARCH_PATHS = (
					"$(inherited)",
					"@executable_path/Frameworks",
				);
				MARKETING_VERSION = 1.0;
				PRODUCT_BUNDLE_IDENTIFIER = watcher;
				PRODUCT_NAME = "$(TARGET_NAME)";
				SDKROOT = watchos;
				SKIP_INSTALL = YES;
				SWIFT_EMIT_LOC_STRINGS = YES;
				SWIFT_VERSION = 5.0;
				TARGETED_DEVICE_FAMILY = 4;
				VALIDATE_PRODUCT = YES;
				WATCHOS_DEPLOYMENT_TARGET = 9.4;
			};
			name = Release;
		};
		155BC7BB2A64881D00EA9D1E /* Debug */ = {
			isa = XCBuildConfiguration;
			buildSettings = {
				ALWAYS_EMBED_SWIFT_STANDARD_LIBRARIES = YES;
				CODE_SIGN_STYLE = Automatic;
				CURRENT_PROJECT_VERSION = 1;
				DEVELOPMENT_TEAM = C77N4S9VR3;
				INFOPLIST_KEY_CFBundleDisplayName = watchtest;
				MARKETING_VERSION = 1.0;
				PRODUCT_BUNDLE_IDENTIFIER = watcher;
				PRODUCT_NAME = "$(TARGET_NAME)";
				SDKROOT = iphoneos;
				SWIFT_VERSION = 5.0;
			};
			name = Debug;
		};
		155BC7BC2A64881D00EA9D1E /* Release */ = {
			isa = XCBuildConfiguration;
			buildSettings = {
				ALWAYS_EMBED_SWIFT_STANDARD_LIBRARIES = YES;
				CODE_SIGN_STYLE = Automatic;
				CURRENT_PROJECT_VERSION = 1;
				DEVELOPMENT_TEAM = C77N4S9VR3;
				INFOPLIST_KEY_CFBundleDisplayName = watchtest;
				MARKETING_VERSION = 1.0;
				PRODUCT_BUNDLE_IDENTIFIER = watcher;
				PRODUCT_NAME = "$(TARGET_NAME)";
				SDKROOT = iphoneos;
				SWIFT_VERSION = 5.0;
				VALIDATE_PRODUCT = YES;
			};
			name = Release;
		};
		155BC7BE2A64881D00EA9D1E /* Debug */ = {
			isa = XCBuildConfiguration;
			buildSettings = {
				ALWAYS_EMBED_SWIFT_STANDARD_LIBRARIES = YES;
				BUNDLE_LOADER = "$(TEST_HOST)";
				CODE_SIGN_STYLE = Automatic;
				CURRENT_PROJECT_VERSION = 1;
				DEVELOPMENT_TEAM = C77N4S9VR3;
				GENERATE_INFOPLIST_FILE = YES;
				MARKETING_VERSION = 1.0;
				PRODUCT_BUNDLE_IDENTIFIER = "watchtest.watchtest-Watch-AppTests";
				PRODUCT_NAME = "$(TARGET_NAME)";
				SDKROOT = watchos;
				SWIFT_EMIT_LOC_STRINGS = NO;
				SWIFT_VERSION = 5.0;
				TARGETED_DEVICE_FAMILY = 4;
				TEST_HOST = "$(BUILT_PRODUCTS_DIR)/watchtest Watch App.app/$(BUNDLE_EXECUTABLE_FOLDER_PATH)/watchtest Watch App";
				WATCHOS_DEPLOYMENT_TARGET = 9.4;
			};
			name = Debug;
		};
		155BC7BF2A64881D00EA9D1E /* Release */ = {
			isa = XCBuildConfiguration;
			buildSettings = {
				ALWAYS_EMBED_SWIFT_STANDARD_LIBRARIES = YES;
				BUNDLE_LOADER = "$(TEST_HOST)";
				CODE_SIGN_STYLE = Automatic;
				CURRENT_PROJECT_VERSION = 1;
				DEVELOPMENT_TEAM = C77N4S9VR3;
				GENERATE_INFOPLIST_FILE = YES;
				MARKETING_VERSION = 1.0;
				PRODUCT_BUNDLE_IDENTIFIER = "watchtest.watchtest-Watch-AppTests";
				PRODUCT_NAME = "$(TARGET_NAME)";
				SDKROOT = watchos;
				SWIFT_EMIT_LOC_STRINGS = NO;
				SWIFT_VERSION = 5.0;
				TARGETED_DEVICE_FAMILY = 4;
				TEST_HOST = "$(BUILT_PRODUCTS_DIR)/watchtest Watch App.app/$(BUNDLE_EXECUTABLE_FOLDER_PATH)/watchtest Watch App";
				VALIDATE_PRODUCT = YES;
				WATCHOS_DEPLOYMENT_TARGET = 9.4;
			};
			name = Release;
		};
		155BC7C12A64881D00EA9D1E /* Debug */ = {
			isa = XCBuildConfiguration;
			buildSettings = {
				ALWAYS_EMBED_SWIFT_STANDARD_LIBRARIES = YES;
				CODE_SIGN_STYLE = Automatic;
				CURRENT_PROJECT_VERSION = 1;
				DEVELOPMENT_TEAM = C77N4S9VR3;
				GENERATE_INFOPLIST_FILE = YES;
				MARKETING_VERSION = 1.0;
				PRODUCT_BUNDLE_IDENTIFIER = "watchtest.watchtest-Watch-AppUITests";
				PRODUCT_NAME = "$(TARGET_NAME)";
				SDKROOT = watchos;
				SWIFT_EMIT_LOC_STRINGS = NO;
				SWIFT_VERSION = 5.0;
				TARGETED_DEVICE_FAMILY = 4;
				TEST_TARGET_NAME = "watchtest Watch App";
				WATCHOS_DEPLOYMENT_TARGET = 9.4;
			};
			name = Debug;
		};
		155BC7C22A64881D00EA9D1E /* Release */ = {
			isa = XCBuildConfiguration;
			buildSettings = {
				ALWAYS_EMBED_SWIFT_STANDARD_LIBRARIES = YES;
				CODE_SIGN_STYLE = Automatic;
				CURRENT_PROJECT_VERSION = 1;
				DEVELOPMENT_TEAM = C77N4S9VR3;
				GENERATE_INFOPLIST_FILE = YES;
				MARKETING_VERSION = 1.0;
				PRODUCT_BUNDLE_IDENTIFIER = "watchtest.watchtest-Watch-AppUITests";
				PRODUCT_NAME = "$(TARGET_NAME)";
				SDKROOT = watchos;
				SWIFT_EMIT_LOC_STRINGS = NO;
				SWIFT_VERSION = 5.0;
				TARGETED_DEVICE_FAMILY = 4;
				TEST_TARGET_NAME = "watchtest Watch App";
				VALIDATE_PRODUCT = YES;
				WATCHOS_DEPLOYMENT_TARGET = 9.4;
			};
			name = Release;
		};
/* End XCBuildConfiguration section */

/* Begin XCConfigurationList section */
		155BC7872A64881B00EA9D1E /* Build configuration list for PBXProject "watchtest" */ = {
			isa = XCConfigurationList;
			buildConfigurations = (
				155BC7B42A64881D00EA9D1E /* Debug */,
				155BC7B52A64881D00EA9D1E /* Release */,
			);
			defaultConfigurationIsVisible = 0;
			defaultConfigurationName = Release;
		};
		155BC7B62A64881D00EA9D1E /* Build configuration list for PBXNativeTarget "watchtest Watch App" */ = {
			isa = XCConfigurationList;
			buildConfigurations = (
				155BC7B72A64881D00EA9D1E /* Debug */,
				155BC7B82A64881D00EA9D1E /* Release */,
			);
			defaultConfigurationIsVisible = 0;
			defaultConfigurationName = Release;
		};
		155BC7BA2A64881D00EA9D1E /* Build configuration list for PBXNativeTarget "watchtest" */ = {
			isa = XCConfigurationList;
			buildConfigurations = (
				155BC7BB2A64881D00EA9D1E /* Debug */,
				155BC7BC2A64881D00EA9D1E /* Release */,
			);
			defaultConfigurationIsVisible = 0;
			defaultConfigurationName = Release;
		};
		155BC7BD2A64881D00EA9D1E /* Build configuration list for PBXNativeTarget "watchtest Watch AppTests" */ = {
			isa = XCConfigurationList;
			buildConfigurations = (
				155BC7BE2A64881D00EA9D1E /* Debug */,
				155BC7BF2A64881D00EA9D1E /* Release */,
			);
			defaultConfigurationIsVisible = 0;
			defaultConfigurationName = Release;
		};
		155BC7C02A64881D00EA9D1E /* Build configuration list for PBXNativeTarget "watchtest Watch AppUITests" */ = {
			isa = XCConfigurationList;
			buildConfigurations = (
				155BC7C12A64881D00EA9D1E /* Debug */,
				155BC7C22A64881D00EA9D1E /* Release */,
			);
			defaultConfigurationIsVisible = 0;
			defaultConfigurationName = Release;
		};
/* End XCConfigurationList section */
	};
	rootObject = 155BC7842A64881B00EA9D1E /* Project object */;
}
